{
  "R": {
    "Version": "4.5.0",
    "Repositories": [
      {
        "Name": "CRAN",
        "URL": "https://cloud.r-project.org"
      }
    ]
  },
  "Packages": {
    "MASS": {
      "Package": "MASS",
      "Version": "7.3-65",
      "Source": "Repository",
      "Requirements": [
        "graphics",
        "grDevices",
        "methods",
        "R",
        "stats",
        "utils"
      ]
    },
    "Matrix": {
      "Package": "Matrix",
      "Version": "1.7-3",
      "Source": "Repository",
      "Requirements": [
        "graphics",
        "grDevices",
        "grid",
        "lattice",
        "methods",
        "R",
        "stats",
        "utils"
      ]
    },
    "R6": {
      "Package": "R6",
      "Version": "2.6.1",
      "Source": "Repository",
      "Requirements": [
        "R"
      ]
    },
    "RColorBrewer": {
      "Package": "RColorBrewer",
      "Version": "1.1-3",
      "Source": "Repository",
      "Requirements": [
        "R"
      ]
    },
    "Rcpp": {
      "Package": "Rcpp",
      "Version": "1.0.14",
      "Source": "Repository",
      "Requirements": [
        "methods",
        "utils"
      ]
    },
    "RcppArmadillo": {
      "Package": "RcppArmadillo",
      "Version": "14.4.3-1",
      "Source": "Repository",
      "Requirements": [
        "methods",
        "R",
        "Rcpp",
        "stats",
        "utils"
      ]
    },
    "askpass": {
      "Package": "askpass",
      "Version": "1.2.1",
      "Source": "Repository",
      "Requirements": [
        "sys"
      ]
    },
    "assertthat": {
      "Package": "assertthat",
      "Version": "0.2.1",
      "Source": "Repository",
      "Requirements": [
        "tools"
      ]
    },
    "backports": {
      "Package": "backports",
      "Version": "1.5.0",
      "Source": "Repository",
      "Requirements": [
        "R"
      ]
    },
    "base64enc": {
      "Package": "base64enc",
      "Version": "0.1-3",
      "Source": "Repository",
      "Requirements": [
        "R"
      ]
    },
    "bbmle": {
      "Package": "bbmle",
      "Version": "1.0.25.1",
      "Source": "Repository",
      "Requirements": [
        "bdsmatrix",
        "lattice",
        "MASS",
        "Matrix",
        "methods",
        "mvtnorm",
        "numDeriv",
        "R",
        "stats",
        "stats4"
      ]
    },
    "bdsmatrix": {
      "Package": "bdsmatrix",
      "Version": "1.3-7",
      "Source": "Repository",
      "Requirements": [
        "methods",
        "R"
      ]
    },
    "broom": {
      "Package": "broom",
      "Version": "1.0.8",
      "Source": "Repository",
      "Requirements": [
        "backports",
        "cli",
        "dplyr",
        "generics",
        "glue",
        "lifecycle",
        "purrr",
        "R",
        "rlang",
        "stringr",
        "tibble",
        "tidyr"
      ]
    },
    "callr": {
      "Package": "callr",
      "Version": "3.7.6",
      "Source": "Repository",
      "Requirements": [
        "processx",
        "R",
        "R6",
        "utils"
      ]
    },
    "cli": {
      "Package": "cli",
      "Version": "3.6.5",
      "Source": "Repository",
      "Requirements": [
        "R",
        "utils"
      ]
    },
    "codetools": {
      "Package": "codetools",
      "Version": "0.2-20",
      "Source": "Repository",
      "Requirements": [
        "R"
      ]
    },
    "cpp11": {
      "Package": "cpp11",
      "Version": "0.5.2",
      "Source": "Repository",
      "Requirements": [
        "R"
      ]
    },
    "data.table": {
      "Package": "data.table",
      "Version": "1.17.4",
      "Source": "Repository",
      "Requirements": [
        "methods",
        "R"
      ]
    },
    "deSolve": {
      "Package": "deSolve",
      "Version": "1.40",
      "Source": "Repository",
      "Requirements": [
        "graphics",
        "grDevices",
        "methods",
        "R",
        "stats"
      ]
    },
    "desc": {
      "Package": "desc",
      "Version": "1.4.3",
      "Source": "Repository",
      "Requirements": [
        "cli",
        "R",
        "R6",
        "utils"
      ]
    },
    "digest": {
      "Package": "digest",
      "Version": "0.6.37",
      "Source": "Repository",
      "Requirements": [
        "R",
        "utils"
      ]
    },
    "dplyr": {
      "Package": "dplyr",
      "Version": "1.1.4",
      "Source": "Repository",
      "Requirements": [
        "cli",
        "generics",
        "glue",
        "lifecycle",
        "magrittr",
        "methods",
        "pillar",
        "R",
        "R6",
        "rlang",
        "tibble",
        "tidyselect",
        "utils",
        "vctrs"
      ]
    },
    "farver": {
      "Package": "farver",
      "Version": "2.1.2",
      "Source": "Repository",
      "Requirements": []
    },
    "fastGHQuad": {
      "Package": "fastGHQuad",
      "Version": "1.0.1",
      "Source": "Repository",
      "Requirements": [
        "Rcpp"
      ]
    },
    "fastmap": {
      "Package": "fastmap",
      "Version": "1.2.0",
      "Source": "Repository",
      "Requirements": []
    },
    "flexsurv": {
      "Package": "flexsurv",
      "Version": "2.3.2",
      "Source": "Repository",
      "Requirements": [
        "assertthat",
        "deSolve",
        "dplyr",
        "generics",
        "ggplot2",
        "magrittr",
        "Matrix",
        "mstate",
        "muhaz",
        "mvtnorm",
        "numDeriv",
        "purrr",
        "quadprog",
        "R",
        "Rcpp",
        "rlang",
        "rstpm2",
        "statmod",
        "survival",
        "tibble",
        "tidyr",
        "tidyselect"
      ]
    },
    "fontBitstreamVera": {
      "Package": "fontBitstreamVera",
      "Version": "0.1.1",
      "Source": "Repository",
      "Requirements": [
        "R"
      ]
    },
    "fontLiberation": {
      "Package": "fontLiberation",
      "Version": "0.1.0",
      "Source": "Repository",
      "Requirements": [
        "R"
      ]
    },
    "fontquiver": {
      "Package": "fontquiver",
      "Version": "0.2.1",
      "Source": "Repository",
      "Requirements": [
        "fontBitstreamVera",
        "fontLiberation",
        "R"
      ]
    },
    "gdtools": {
      "Package": "gdtools",
      "Version": "0.4.2",
      "Source": "Repository",
      "Requirements": [
        "fontquiver",
        "htmltools",
        "R",
        "Rcpp",
        "systemfonts",
        "tools"
      ]
    },
    "generics": {
      "Package": "generics",
      "Version": "0.1.4",
      "Source": "Repository",
      "Requirements": [
        "methods",
        "R"
      ]
    },
    "ggplot2": {
      "Package": "ggplot2",
      "Version": "3.5.2",
      "Source": "Repository",
      "Requirements": [
        "cli",
        "glue",
        "grDevices",
        "grid",
        "gtable",
        "isoband",
        "lifecycle",
        "MASS",
        "mgcv",
        "R",
        "rlang",
        "scales",
        "stats",
        "tibble",
        "vctrs",
        "withr"
      ]
    },
    "ggsurvfit": {
      "Package": "ggsurvfit",
      "Version": "1.1.0",
      "Source": "Repository",
      "Requirements": [
        "broom",
        "cli",
        "dplyr",
        "ggplot2",
        "glue",
        "gtable",
        "patchwork",
        "R",
        "rlang",
        "survival",
        "tidyr"
      ]
    },
    "glue": {
      "Package": "glue",
      "Version": "1.8.0",
      "Source": "Repository",
      "Requirements": [
        "methods",
        "R"
      ]
    },
    "gridExtra": {
      "Package": "gridExtra",
      "Version": "2.3",
      "Source": "Repository",
      "Requirements": [
        "graphics",
        "grDevices",
        "grid",
        "gtable",
        "utils"
      ]
    },
    "gridGraphics": {
      "Package": "gridGraphics",
      "Version": "0.5-1",
      "Source": "Repository",
      "Requirements": [
        "graphics",
        "grDevices",
        "grid"
      ]
    },
    "gtable": {
      "Package": "gtable",
      "Version": "0.3.6",
      "Source": "Repository",
      "Requirements": [
        "cli",
        "glue",
        "grid",
        "lifecycle",
        "R",
        "rlang",
        "stats"
      ]
    },
    "htmltools": {
      "Package": "htmltools",
      "Version": "0.5.8.1",
      "Source": "Repository",
      "Requirements": [
        "base64enc",
        "digest",
        "fastmap",
        "grDevices",
        "R",
        "rlang",
        "utils"
      ]
    },
    "isoband": {
      "Package": "isoband",
      "Version": "0.2.7",
      "Source": "Repository",
      "Requirements": [
        "grid",
        "utils"
      ]
    },
    "jaspBase": {
      "Package": "jaspBase",
      "Version": "0.20.0",
      "Source": "GitHub",
      "Requirements": [
        "cli",
        "codetools",
        "ggplot2",
        "gridExtra",
        "gridGraphics",
        "jaspGraphs",
        "jsonlite",
        "lifecycle",
        "officer",
        "pkgbuild",
        "plyr",
        "ragg",
        "R6",
        "Rcpp",
        "rvg",
        "svglite",
        "systemfonts",
        "withr",
        "testthat"
      ],
      "RemoteType": "github",
      "RemoteHost": "api.github.com",
      "RemoteUsername": "jasp-stats",
      "RemoteRepo": "jaspBase",
      "RemoteSha": "9dd637722c25bf0ea035ccaabf58ef9faf36b852"
    },
    "jaspGraphs": {
      "Package": "jaspGraphs",
      "Version": "0.20.0",
      "Source": "GitHub",
      "Requirements": [
        "testthat",
        "ggplot2",
        "gridExtra",
        "gtable",
        "lifecycle",
        "jsonlite",
        "R6",
        "RColorBrewer",
        "rlang",
        "scales",
        "viridisLite"
      ],
      "RemoteType": "github",
      "RemoteHost": "api.github.com",
      "RemoteUsername": "jasp-stats",
      "RemoteRepo": "jaspGraphs",
      "RemoteSha": "c884a4239590cdb08c1f18cbeaad9107395425aa"
    },
    "jsonlite": {
      "Package": "jsonlite",
      "Version": "2.0.0",
      "Source": "Repository",
      "Requirements": [
        "methods"
      ]
    },
    "labeling": {
      "Package": "labeling",
      "Version": "0.4.3",
      "Source": "Repository",
      "Requirements": [
        "graphics",
        "stats"
      ]
    },
    "lattice": {
      "Package": "lattice",
      "Version": "0.22-7",
      "Source": "Repository",
      "Requirements": [
        "graphics",
        "grDevices",
        "grid",
        "R",
        "stats",
        "utils"
      ]
    },
    "lifecycle": {
      "Package": "lifecycle",
      "Version": "1.0.4",
      "Source": "Repository",
      "Requirements": [
        "cli",
        "glue",
        "R",
        "rlang"
      ]
    },
    "magrittr": {
      "Package": "magrittr",
      "Version": "2.0.3",
      "Source": "Repository",
      "Requirements": [
        "R"
      ]
    },
    "mgcv": {
      "Package": "mgcv",
      "Version": "1.9-3",
      "Source": "Repository",
      "Requirements": [
        "graphics",
        "Matrix",
        "methods",
        "nlme",
        "R",
        "splines",
        "stats",
        "utils"
      ]
    },
    "mstate": {
      "Package": "mstate",
      "Version": "0.3.3",
      "Source": "Repository",
      "Requirements": [
        "data.table",
        "lattice",
        "RColorBrewer",
        "rlang",
        "survival",
        "viridisLite"
      ]
    },
    "muhaz": {
      "Package": "muhaz",
      "Version": "1.2.6.4",
      "Source": "Repository",
      "Requirements": [
        "R",
        "survival"
      ]
    },
    "mvtnorm": {
      "Package": "mvtnorm",
      "Version": "1.3-3",
      "Source": "Repository",
      "Requirements": [
        "R",
        "stats"
      ]
    },
    "nlme": {
      "Package": "nlme",
      "Version": "3.1-168",
      "Source": "Repository",
      "Requirements": [
        "graphics",
        "lattice",
        "R",
        "stats",
        "utils"
      ]
    },
    "numDeriv": {
      "Package": "numDeriv",
      "Version": "2016.8-1.1",
      "Source": "Repository",
      "Requirements": [
        "R"
      ]
    },
    "officer": {
      "Package": "officer",
      "Version": "0.6.10",
      "Source": "Repository",
      "Requirements": [
        "cli",
        "graphics",
        "grDevices",
        "openssl",
        "R6",
        "ragg",
        "stats",
        "utils",
        "uuid",
        "xml2",
        "zip"
      ]
    },
    "openssl": {
      "Package": "openssl",
      "Version": "2.3.3",
      "Source": "Repository",
      "Requirements": [
        "askpass"
      ]
    },
    "patchwork": {
      "Package": "patchwork",
      "Version": "1.3.0",
      "Source": "Repository",
      "Requirements": [
        "cli",
        "farver",
        "ggplot2",
        "graphics",
        "grDevices",
        "grid",
        "gtable",
        "rlang",
        "stats",
        "utils"
      ]
    },
    "pillar": {
      "Package": "pillar",
      "Version": "1.10.2",
      "Source": "Repository",
      "Requirements": [
        "cli",
        "glue",
        "lifecycle",
        "rlang",
        "utf8",
        "utils",
        "vctrs"
      ]
    },
    "pkgbuild": {
      "Package": "pkgbuild",
      "Version": "1.4.8",
      "Source": "Repository",
      "Requirements": [
        "callr",
        "cli",
        "desc",
        "processx",
        "R",
        "R6"
      ]
    },
    "pkgconfig": {
      "Package": "pkgconfig",
      "Version": "2.0.3",
      "Source": "Repository",
      "Requirements": [
        "utils"
      ]
    },
    "plyr": {
      "Package": "plyr",
      "Version": "1.8.9",
      "Source": "Repository",
      "Requirements": [
        "R",
        "Rcpp"
      ]
    },
    "processx": {
      "Package": "processx",
      "Version": "3.8.6",
      "Source": "Repository",
      "Requirements": [
        "ps",
        "R",
        "R6",
        "utils"
      ]
    },
    "ps": {
      "Package": "ps",
      "Version": "1.9.1",
      "Source": "Repository",
      "Requirements": [
        "R",
        "utils"
      ]
    },
    "purrr": {
      "Package": "purrr",
      "Version": "1.0.4",
      "Source": "Repository",
      "Requirements": [
        "cli",
        "lifecycle",
        "magrittr",
        "R",
        "rlang",
        "vctrs"
      ]
    },
    "quadprog": {
      "Package": "quadprog",
      "Version": "1.5-8",
      "Source": "Repository",
      "Requirements": [
        "R"
      ]
    },
    "ragg": {
      "Package": "ragg",
      "Version": "1.4.0",
      "Source": "Repository",
      "Requirements": [
        "systemfonts",
        "textshaping"
      ]
    },
    "rlang": {
      "Package": "rlang",
      "Version": "1.1.6",
      "Source": "Repository",
      "Requirements": [
        "R",
        "utils"
      ]
    },
    "rstpm2": {
      "Package": "rstpm2",
      "Version": "1.6.7",
      "Source": "Repository",
      "Requirements": [
        "bbmle",
        "fastGHQuad",
        "graphics",
        "methods",
        "mgcv",
        "mvtnorm",
        "numDeriv",
        "parallel",
        "R",
        "Rcpp",
        "RcppArmadillo",
        "splines",
        "stats",
        "survival",
        "utils"
      ]
    },
    "rvg": {
      "Package": "rvg",
      "Version": "0.3.5",
      "Source": "Repository",
      "Requirements": [
        "gdtools",
        "grDevices",
        "officer",
        "R",
        "Rcpp",
        "rlang",
        "xml2"
      ]
    },
    "scales": {
      "Package": "scales",
      "Version": "1.4.0",
      "Source": "Repository",
      "Requirements": [
        "cli",
        "farver",
        "glue",
        "labeling",
        "lifecycle",
        "R",
        "R6",
        "RColorBrewer",
        "rlang",
        "viridisLite"
      ]
    },
    "statmod": {
      "Package": "statmod",
      "Version": "1.5.0",
      "Source": "Repository",
      "Requirements": [
        "graphics",
        "R",
        "stats"
      ]
    },
    "stringi": {
      "Package": "stringi",
      "Version": "1.8.7",
      "Source": "Repository",
      "Requirements": [
        "R",
        "stats",
        "tools",
        "utils"
      ]
    },
    "stringr": {
      "Package": "stringr",
      "Version": "1.5.1",
      "Source": "Repository",
      "Requirements": [
        "cli",
        "glue",
        "lifecycle",
        "magrittr",
        "R",
        "rlang",
        "stringi",
        "vctrs"
      ]
    },
    "survival": {
      "Package": "survival",
      "Version": "3.8-3",
      "Source": "Repository",
      "Requirements": [
        "graphics",
        "Matrix",
        "methods",
        "R",
        "splines",
        "stats",
        "utils"
      ]
    },
    "svglite": {
      "Package": "svglite",
      "Version": "2.2.1",
      "Source": "Repository",
      "Requirements": [
        "base64enc",
        "cli",
        "cpp11",
        "lifecycle",
        "R",
        "rlang",
        "systemfonts",
        "textshaping"
      ]
    },
    "sys": {
      "Package": "sys",
      "Version": "3.4.3",
      "Source": "Repository",
      "Requirements": []
    },
    "systemfonts": {
      "Package": "systemfonts",
      "Version": "1.2.3",
      "Source": "Repository",
      "Requirements": [
        "base64enc",
        "cpp11",
        "grid",
        "jsonlite",
        "lifecycle",
        "R",
        "tools",
        "utils"
      ]
    },
    "textshaping": {
      "Package": "textshaping",
      "Version": "1.0.1",
      "Source": "Repository",
      "Requirements": [
        "cpp11",
        "lifecycle",
        "R",
        "stats",
        "stringi",
        "systemfonts",
        "utils"
      ]
    },
    "tibble": {
      "Package": "tibble",
      "Version": "3.3.0",
      "Source": "Repository",
      "Requirements": [
        "cli",
        "lifecycle",
        "magrittr",
        "methods",
        "pillar",
        "pkgconfig",
        "R",
        "rlang",
        "utils",
        "vctrs"
      ]
    },
    "tidyr": {
      "Package": "tidyr",
      "Version": "1.3.1",
      "Source": "Repository",
      "Requirements": [
        "cli",
        "cpp11",
        "dplyr",
        "glue",
        "lifecycle",
        "magrittr",
        "purrr",
        "R",
        "rlang",
        "stringr",
        "tibble",
        "tidyselect",
        "utils",
        "vctrs"
      ]
    },
    "tidyselect": {
      "Package": "tidyselect",
      "Version": "1.2.1",
      "Source": "Repository",
      "Requirements": [
        "cli",
        "glue",
        "lifecycle",
        "R",
        "rlang",
        "vctrs",
        "withr"
      ]
    },
    "utf8": {
      "Package": "utf8",
      "Version": "1.2.6",
      "Source": "Repository",
      "Requirements": [
        "R"
      ]
    },
    "uuid": {
      "Package": "uuid",
      "Version": "1.2-1",
      "Source": "Repository",
      "Requirements": [
        "R"
      ]
    },
    "vctrs": {
      "Package": "vctrs",
      "Version": "0.6.5",
      "Source": "Repository",
      "Requirements": [
        "cli",
        "glue",
        "lifecycle",
        "R",
        "rlang"
      ]
    },
    "viridisLite": {
      "Package": "viridisLite",
      "Version": "0.4.2",
      "Source": "Repository",
      "Requirements": [
        "R"
      ]
    },
    "withr": {
      "Package": "withr",
      "Version": "3.0.2",
      "Source": "Repository",
      "Requirements": [
        "graphics",
        "grDevices",
        "R"
      ]
    },
    "xml2": {
      "Package": "xml2",
      "Version": "1.3.8",
      "Source": "Repository",
      "Requirements": [
        "cli",
        "methods",
        "R",
        "rlang"
      ]
    },
    "zip": {
      "Package": "zip",
      "Version": "2.3.3",
      "Source": "Repository",
      "Requirements": []
    }
  }
}
